<Solution>
  <Project Path="UtageForUrp.csproj" />
  <Project Path="Assembly-CSharp-firstpass.csproj" />
  <Project Path="Assembly-CSharp.csproj" />
  <Project Path="MK.Glow.csproj" />
  <Project Path="Utage.csproj" />
  <Project Path="UniTask.csproj" />
  <Project Path="Assembly-CSharp-Editor.csproj" />
  <Project Path="UniTask.Linq.csproj" />
  <Project Path="UtageEditor.csproj" />
  <Project Path="Utage.RenderPipeline.csproj" />
  <Project Path="MK.Glow.Editor.csproj" />
  <Project Path="UniTask.Addressables.csproj" />
  <Project Path="Effekseer.csproj" />
  <Project Path="UtageInputSystemEditor.csproj" />
  <Project Path="Assembly-CSharp-Editor-firstpass.csproj" />
  <Project Path="GoogleMobileAds.Editor.csproj" />
  <Project Path="EffekseerEditor.csproj" />
  <Project Path="Effekseer.PostProcessing.csproj" />
  <Project Path="UniTask.TextMeshPro.csproj" />
  <Project Path="UtageExcelParser.csproj" />
  <Project Path="UtageForUrpEditor.csproj" />
  <Project Path="UtageInputSystem.csproj" />
  <Project Path="CopoCopo.TextMeshProAnimator.Runtime.csproj" />
  <Project Path="UniTask.Editor.csproj" />
  <Project Path="MK.Glow.Legacy.Editor.csproj" />
  <Project Path="UniTask.DOTween.csproj" />
  <Project Path="Effekseer.HDRP.csproj" />
  <Project Path="Effekseer.URP.csproj" />
</Solution>
